
Microsoft Visual Studio Solution File, Format Version 12.00
# Visual Studio Version 17
<<<<<<< HEAD
VisualStudioVersion = 17.13.35806.99 d17.13
MinimumVisualStudioVersion = 10.0.40219.1
Project("{FAE04EC0-301F-11D3-BF4B-00C04F79EFBC}") = "Scraper", "Scraper.csproj", "{1D5A33FD-89EB-4961-9967-F3821DF544F9}"
=======
VisualStudioVersion = 17.13.35806.99
MinimumVisualStudioVersion = 10.0.40219.1
Project("{9A19103F-16F7-4668-BE54-9A1E7A4F7556}") = "Scraper", "Scraper.csproj", "{1D5A33FD-89EB-4961-9967-F3821DF544F9}"
>>>>>>> 581796e (Scraper.sln)
EndProject
Global
	GlobalSection(SolutionConfigurationPlatforms) = preSolution
		Debug|Any CPU = Debug|Any CPU
		Release|Any CPU = Release|Any CPU
	EndGlobalSection
	GlobalSection(ProjectConfigurationPlatforms) = postSolution
		{1D5A33FD-89EB-4961-9967-F3821DF544F9}.Debug|Any CPU.ActiveCfg = Debug|Any CPU
		{1D5A33FD-89EB-4961-9967-F3821DF544F9}.Debug|Any CPU.Build.0 = Debug|Any CPU
		{1D5A33FD-89EB-4961-9967-F3821DF544F9}.Release|Any CPU.ActiveCfg = Release|Any CPU
		{1D5A33FD-89EB-4961-9967-F3821DF544F9}.Release|Any CPU.Build.0 = Release|Any CPU
	EndGlobalSection
	GlobalSection(SolutionProperties) = preSolution
		HideSolutionNode = FALSE
	EndGlobalSection
	GlobalSection(ExtensibilityGlobals) = postSolution
		SolutionGuid = {2B34C62F-22A2-490D-80AA-CCC46EFD257B}
	EndGlobalSection
EndGlobal
